
Microsoft Visual Studio Solution File, Format Version 12.00
# Visual Studio 14
VisualStudioVersion = 14.0.25123.0
MinimumVisualStudioVersion = 10.0.40219.1
Project("{2150E333-8FDC-42A3-9474-1A3956D46DE8}") = "src", "src", "{49541539-1E25-41BC-A6FE-994B12881D5E}"
EndProject
Project("{2150E333-8FDC-42A3-9474-1A3956D46DE8}") = "Solution Items", "Solution Items", "{02777CD8-D833-4700-B5B3-B9B013BB13B9}"
	ProjectSection(SolutionItems) = preProject
		global.json = global.json
	EndProjectSection
EndProject
Project("{8BB2217D-0F2D-49D1-97BC-3654ED321F3B}") = "Link", "src\Link\Link.xproj", "{787F8415-C9D9-45DE-99C8-7DDCDE025B7D}"
EndProject
Project("{8BB2217D-0F2D-49D1-97BC-3654ED321F3B}") = "Zelda", "src\Zelda\Zelda.xproj", "{216724AA-6669-4378-9A6D-89E199871E32}"
EndProject
Global
	GlobalSection(SolutionConfigurationPlatforms) = preSolution
		Debug|Any CPU = Debug|Any CPU
		Release|Any CPU = Release|Any CPU
	EndGlobalSection
	GlobalSection(ProjectConfigurationPlatforms) = postSolution
		{787F8415-C9D9-45DE-99C8-7DDCDE025B7D}.Debug|Any CPU.ActiveCfg = Debug|Any CPU
		{787F8415-C9D9-45DE-99C8-7DDCDE025B7D}.Debug|Any CPU.Build.0 = Debug|Any CPU
		{787F8415-C9D9-45DE-99C8-7DDCDE025B7D}.Release|Any CPU.ActiveCfg = Release|Any CPU
		{787F8415-C9D9-45DE-99C8-7DDCDE025B7D}.Release|Any CPU.Build.0 = Release|Any CPU
		{216724AA-6669-4378-9A6D-89E199871E32}.Debug|Any CPU.ActiveCfg = Debug|Any CPU
		{216724AA-6669-4378-9A6D-89E199871E32}.Debug|Any CPU.Build.0 = Debug|Any CPU
		{216724AA-6669-4378-9A6D-89E199871E32}.Release|Any CPU.ActiveCfg = Release|Any CPU
		{216724AA-6669-4378-9A6D-89E199871E32}.Release|Any CPU.Build.0 = Release|Any CPU
	EndGlobalSection
	GlobalSection(SolutionProperties) = preSolution
		HideSolutionNode = FALSE
	EndGlobalSection
	GlobalSection(NestedProjects) = preSolution
		{787F8415-C9D9-45DE-99C8-7DDCDE025B7D} = {49541539-1E25-41BC-A6FE-994B12881D5E}
		{216724AA-6669-4378-9A6D-89E199871E32} = {49541539-1E25-41BC-A6FE-994B12881D5E}
	EndGlobalSection
EndGlobal
